{
  "name": "space",
  "lockfileVersion": 3,
  "requires": true,
  "packages": {
    "": {
      "dependencies": {
        "webcam.js": "^1.0.1"
      }
    },
    "node_modules/webcam.js": {
      "version": "1.0.1",
      "resolved": "https://registry.npmjs.org/webcam.js/-/webcam.js-1.0.1.tgz",
      "integrity": "sha512-kFDdS7Tpx4bEwgld5r+qo2ioqWXkxYW9N29aSji3COVtqNE6AvOpx8xf6x62ZxRQ/NWGCRv4GFRS5AsJSVmA4w==",
      "license": "MIT"
    }
  }
}
